
Microsoft Visual Studio Solution File, Format Version 12.00
# Visual Studio Version 16
VisualStudioVersion = 16.0.31019.35
MinimumVisualStudioVersion = 10.0.40219.1
Project("{FAE04EC0-301F-11D3-BF4B-00C04F79EFBC}") = "my-books", "my-books\my-books.csproj", "{11090969-C777-4C4E-B699-BF07450B474A}"
EndProject
Global
	GlobalSection(SolutionConfigurationPlatforms) = preSolution
		Debug|Any CPU = Debug|Any CPU
		Release|Any CPU = Release|Any CPU
	EndGlobalSection
	GlobalSection(ProjectConfigurationPlatforms) = postSolution
		{11090969-C777-4C4E-B699-BF07450B474A}.Debug|Any CPU.ActiveCfg = Debug|Any CPU
		{11090969-C777-4C4E-B699-BF07450B474A}.Debug|Any CPU.Build.0 = Debug|Any CPU
		{11090969-C777-4C4E-B699-BF07450B474A}.Release|Any CPU.ActiveCfg = Release|Any CPU
		{11090969-C777-4C4E-B699-BF07450B474A}.Release|Any CPU.Build.0 = Release|Any CPU
	EndGlobalSection
	GlobalSection(SolutionProperties) = preSolution
		HideSolutionNode = FALSE
	EndGlobalSection
	GlobalSection(ExtensibilityGlobals) = postSolution
		SolutionGuid = {7CBB1ACA-9063-40FD-98BA-F887EC7FAE8F}
	EndGlobalSection
EndGlobal
